<?xml version="1.0" encoding="utf-8"?>
<Project ToolsVersion="4.0" xmlns="http://schemas.microsoft.com/developer/msbuild/2003">
  <ItemGroup>
    <Filter Include="源文件">
      <UniqueIdentifier>{4FC737F1-C7A5-4376-A066-2A32D752A2FF}</UniqueIdentifier>
      <Extensions>cpp;c;cc;cxx;def;odl;idl;hpj;bat;asm;asmx</Extensions>
    </Filter>
    <Filter Include="头文件">
      <UniqueIdentifier>{93995380-89BD-4b04-88EB-625FBE52EBFB}</UniqueIdentifier>
      <Extensions>h;hh;hpp;hxx;hm;inl;inc;ipp;xsd</Extensions>
    </Filter>
    <Filter Include="资源文件">
      <UniqueIdentifier>{67DA6AB6-F800-4c08-8B7A-83BB121AAD01}</UniqueIdentifier>
      <Extensions>rc;ico;cur;bmp;dlg;rc2;rct;bin;rgs;gif;jpg;jpeg;jpe;resx;tiff;tif;png;wav;mfcribbon-ms</Extensions>
    </Filter>
    <Filter Include="util">
      <UniqueIdentifier>{67DA6AB6-F800-4c08-8B7A-83BB121AAD01}</UniqueIdentifier>
      <Extensions>rc;ico;cur;bmp;dlg;rc2;rct;bin;rgs;gif;jpg;jpeg;jpe;resx;tiff;tif;png;wav;mfcribbon-ms</Extensions>
    </Filter>
    <Filter Include="vsfs">
      <UniqueIdentifier>{67DA6AB6-F800-4c08-8B7A-83BB121AAD01}</UniqueIdentifier>
      <Extensions>rc;ico;cur;bmp;dlg;rc2;rct;bin;rgs;gif;jpg;jpeg;jpe;resx;tiff;tif;png;wav;mfcribbon-ms</Extensions>
    </Filter>
    <Filter Include="头文件\Illumination">
      <UniqueIdentifier>{4eda4582-5234-4fd1-beda-4c70dee493f1}</UniqueIdentifier>
    </Filter>
    <Filter Include="vsfs\Illumination">
      <UniqueIdentifier>{dc60453b-6d7e-4271-b818-25e4493e2411}</UniqueIdentifier>
    </Filter>
    <Filter Include="头文件\ModelLoad">
      <UniqueIdentifier>{85df584d-6895-4cec-9c1c-b0c55d06b62e}</UniqueIdentifier>
    </Filter>
    <Filter Include="vsfs\ModelLoad">
      <UniqueIdentifier>{dfdbed3a-810b-40ef-93bd-984b81465726}</UniqueIdentifier>
    </Filter>
    <Filter Include="头文件\HighLevel">
      <UniqueIdentifier>{e6b3e98c-f8c2-4111-8683-0e10b10be5f1}</UniqueIdentifier>
    </Filter>
    <Filter Include="vsfs\HghLevel">
      <UniqueIdentifier>{42d8460a-e354-41c3-8912-f33e5f235bec}</UniqueIdentifier>
    </Filter>
    <Filter Include="头文件\AdvancedLighting">
      <UniqueIdentifier>{5f60b8ba-c0f8-475f-a851-6e07f4233b29}</UniqueIdentifier>
    </Filter>
    <Filter Include="vsfs\AdvancedLighting">
      <UniqueIdentifier>{49c01530-19b4-473e-8616-0713e0223337}</UniqueIdentifier>
    </Filter>
    <Filter Include="vsfs\PBR">
      <UniqueIdentifier>{a2083393-45d3-459b-bad3-dd56784e7f64}</UniqueIdentifier>
    </Filter>
    <Filter Include="头文件\PBR">
      <UniqueIdentifier>{ef9e0eec-f7cd-4d9d-acb2-f9e3ccf2289e}</UniqueIdentifier>
    </Filter>
  </ItemGroup>
  <ItemGroup>
    <ClCompile Include="main.cpp">
      <Filter>源文件</Filter>
    </ClCompile>
    <ClCompile Include="..\..\opengl\src\glad.c">
      <Filter>源文件</Filter>
    </ClCompile>
  </ItemGroup>
  <ItemGroup>
    <ClInclude Include="Shader.h">
      <Filter>头文件</Filter>
    </ClInclude>
    <ClInclude Include="Texture.h">
      <Filter>头文件</Filter>
    </ClInclude>
    <ClInclude Include="Transformation.h">
      <Filter>头文件</Filter>
    </ClInclude>
    <ClInclude Include="CoordianteSystems.h">
      <Filter>头文件</Filter>
    </ClInclude>
    <ClInclude Include="util\camera.h">
      <Filter>util</Filter>
    </ClInclude>
    <ClInclude Include="util\shader_m.h">
      <Filter>util</Filter>
    </ClInclude>
    <ClInclude Include="util\shader_s.h">
      <Filter>util</Filter>
    </ClInclude>
    <ClInclude Include="Camera.h">
      <Filter>头文件</Filter>
    </ClInclude>
    <ClInclude Include="colors.h">
      <Filter>头文件\Illumination</Filter>
    </ClInclude>
    <ClInclude Include="lighting.h">
      <Filter>头文件\Illumination</Filter>
    </ClInclude>
    <ClInclude Include="Materials.h">
      <Filter>头文件\Illumination</Filter>
    </ClInclude>
    <ClInclude Include="LightingMapsSpecular.h">
      <Filter>头文件\Illumination</Filter>
    </ClInclude>
    <ClInclude Include="LightCastersDirectional.h">
      <Filter>头文件\Illumination</Filter>
    </ClInclude>
    <ClInclude Include="LightCastersPoint.h">
      <Filter>头文件\Illumination</Filter>
    </ClInclude>
    <ClInclude Include="LightCastersSpot.h">
      <Filter>头文件\Illumination</Filter>
    </ClInclude>
    <ClInclude Include="MultipleLights.h">
      <Filter>头文件\Illumination</Filter>
    </ClInclude>
    <ClInclude Include="util\shader.h">
      <Filter>util</Filter>
    </ClInclude>
    <ClInclude Include="util\model.h">
      <Filter>util</Filter>
    </ClInclude>
    <ClInclude Include="ModelLoading.h">
      <Filter>头文件\ModelLoad</Filter>
    </ClInclude>
    <ClInclude Include="util\mesh.h">
      <Filter>util</Filter>
    </ClInclude>
    <ClInclude Include="StencilTesting.h">
      <Filter>头文件\HighLevel</Filter>
    </ClInclude>
    <ClInclude Include="BlendingSorted.h">
      <Filter>头文件\HighLevel</Filter>
    </ClInclude>
    <ClInclude Include="FrameBuffers.h">
      <Filter>头文件\HighLevel</Filter>
    </ClInclude>
    <ClInclude Include="CubeMapsEnvMap.h">
      <Filter>头文件\HighLevel</Filter>
    </ClInclude>
    <ClInclude Include="vsfs\HighLevel\AdvancedGlslUbo.h">
      <Filter>头文件\HighLevel</Filter>
    </ClInclude>
    <ClInclude Include="GeometryShaderHouses.h">
      <Filter>头文件\HighLevel</Filter>
    </ClInclude>
    <ClInclude Include="GeometryShaderExploading.h">
      <Filter>头文件\HighLevel</Filter>
    </ClInclude>
    <ClInclude Include="NormalVisualization.h">
      <Filter>头文件\HighLevel</Filter>
    </ClInclude>
    <ClInclude Include="AsteroidsInstanced.h">
      <Filter>头文件\HighLevel</Filter>
    </ClInclude>
    <ClInclude Include="BlinnPhong.h">
      <Filter>头文件\AdvancedLighting</Filter>
    </ClInclude>
    <ClInclude Include="ShadowMappingDepth.h">
      <Filter>头文件\AdvancedLighting</Filter>
    </ClInclude>
    <ClInclude Include="ShadowMappingBase.h">
      <Filter>头文件\AdvancedLighting</Filter>
    </ClInclude>
    <ClInclude Include="NormalMapping.h">
      <Filter>头文件\AdvancedLighting</Filter>
    </ClInclude>
    <ClInclude Include="ParallaxMapping.h">
      <Filter>头文件\AdvancedLighting</Filter>
    </ClInclude>
    <ClInclude Include="vsfs\AdvancedLighting\parallax_mapping.vs">
      <Filter>vsfs\AdvancedLighting</Filter>
    </ClInclude>
    <ClInclude Include="HDR.h">
      <Filter>头文件\AdvancedLighting</Filter>
    </ClInclude>
    <ClInclude Include="DeferredShadingVolumes.h">
      <Filter>头文件\AdvancedLighting</Filter>
    </ClInclude>
    <ClInclude Include="Bloom.h">
      <Filter>头文件\AdvancedLighting</Filter>
    </ClInclude>
    <ClInclude Include="DeferredShading.h">
      <Filter>头文件\AdvancedLighting</Filter>
    </ClInclude>
    <ClInclude Include="SSAO.h">
      <Filter>头文件\AdvancedLighting</Filter>
    </ClInclude>
    <ClInclude Include="PointShadows.h">
      <Filter>头文件\AdvancedLighting</Filter>
    </ClInclude>
    <ClInclude Include="ParallaxOcclusionMapping.h">
      <Filter>头文件\AdvancedLighting</Filter>
    </ClInclude>
    <ClInclude Include="PBRLight.h">
      <Filter>头文件\PBR</Filter>
    </ClInclude>
    <ClInclude Include="PBRLightTexture.h">
      <Filter>头文件\PBR</Filter>
    </ClInclude>
    <ClInclude Include="IblIrradianceConversion.h">
      <Filter>头文件\PBR</Filter>
    </ClInclude>
    <ClInclude Include="IblIrradiance.h">
      <Filter>头文件\PBR</Filter>
    </ClInclude>
  </ItemGroup>
  <ItemGroup>
    <None Include="vsfs\5.1.transform.fs">
      <Filter>vsfs</Filter>
    </None>
    <None Include="vsfs\5.1.transform.vs">
      <Filter>vsfs</Filter>
    </None>
    <None Include="vsfs\6.3.coordinate_systems.fs">
      <Filter>vsfs</Filter>
    </None>
    <None Include="vsfs\6.3.coordinate_systems.vs">
      <Filter>vsfs</Filter>
    </None>
    <None Include="vsfs\7.4.camera.fs">
      <Filter>vsfs</Filter>
    </None>
    <None Include="vsfs\7.4.camera.vs">
      <Filter>vsfs</Filter>
    </None>
    <None Include="vsfs\3.3.shader.fs">
      <Filter>vsfs</Filter>
    </None>
    <None Include="vsfs\3.3.shader.vs">
      <Filter>vsfs</Filter>
    </None>
    <None Include="vsfs\4.2.texture.fs">
      <Filter>vsfs</Filter>
    </None>
    <None Include="vsfs\4.2.texture.vs">
      <Filter>vsfs</Filter>
    </None>
    <None Include="vsfs\Illumination\5.2.light_casters.vs">
      <Filter>vsfs\Illumination</Filter>
    </None>
    <None Include="vsfs\Illumination\5.3.lamp.fs">
      <Filter>vsfs\Illumination</Filter>
    </None>
    <None Include="vsfs\Illumination\5.3.lamp.vs">
      <Filter>vsfs\Illumination</Filter>
    </None>
    <None Include="vsfs\Illumination\5.3.light_casters.fs">
      <Filter>vsfs\Illumination</Filter>
    </None>
    <None Include="vsfs\Illumination\5.3.light_casters.vs">
      <Filter>vsfs\Illumination</Filter>
    </None>
    <None Include="vsfs\Illumination\6.lamp.fs">
      <Filter>vsfs\Illumination</Filter>
    </None>
    <None Include="vsfs\Illumination\6.lamp.vs">
      <Filter>vsfs\Illumination</Filter>
    </None>
    <None Include="vsfs\Illumination\6.multiple_lights.fs">
      <Filter>vsfs\Illumination</Filter>
    </None>
    <None Include="vsfs\Illumination\6.multiple_lights.vs">
      <Filter>vsfs\Illumination</Filter>
    </None>
    <None Include="vsfs\Illumination\1.colors.fs">
      <Filter>vsfs\Illumination</Filter>
    </None>
    <None Include="vsfs\Illumination\1.colors.vs">
      <Filter>vsfs\Illumination</Filter>
    </None>
    <None Include="vsfs\Illumination\1.lamp.fs">
      <Filter>vsfs\Illumination</Filter>
    </None>
    <None Include="vsfs\Illumination\1.lamp.vs">
      <Filter>vsfs\Illumination</Filter>
    </None>
    <None Include="vsfs\Illumination\2.2.basic_lighting.fs">
      <Filter>vsfs\Illumination</Filter>
    </None>
    <None Include="vsfs\Illumination\2.2.basic_lighting.vs">
      <Filter>vsfs\Illumination</Filter>
    </None>
    <None Include="vsfs\Illumination\2.2.lamp.fs">
      <Filter>vsfs\Illumination</Filter>
    </None>
    <None Include="vsfs\Illumination\2.2.lamp.vs">
      <Filter>vsfs\Illumination</Filter>
    </None>
    <None Include="vsfs\Illumination\3.1.lamp.fs">
      <Filter>vsfs\Illumination</Filter>
    </None>
    <None Include="vsfs\Illumination\3.1.lamp.vs">
      <Filter>vsfs\Illumination</Filter>
    </None>
    <None Include="vsfs\Illumination\3.1.materials.fs">
      <Filter>vsfs\Illumination</Filter>
    </None>
    <None Include="vsfs\Illumination\3.1.materials.vs">
      <Filter>vsfs\Illumination</Filter>
    </None>
    <None Include="vsfs\Illumination\4.2.lamp.fs">
      <Filter>vsfs\Illumination</Filter>
    </None>
    <None Include="vsfs\Illumination\4.2.lamp.vs">
      <Filter>vsfs\Illumination</Filter>
    </None>
    <None Include="vsfs\Illumination\4.2.lighting_maps.fs">
      <Filter>vsfs\Illumination</Filter>
    </None>
    <None Include="vsfs\Illumination\4.2.lighting_maps.vs">
      <Filter>vsfs\Illumination</Filter>
    </None>
    <None Include="vsfs\Illumination\5.1.lamp.fs">
      <Filter>vsfs\Illumination</Filter>
    </None>
    <None Include="vsfs\Illumination\5.1.lamp.vs">
      <Filter>vsfs\Illumination</Filter>
    </None>
    <None Include="vsfs\Illumination\5.1.light_casters.fs">
      <Filter>vsfs\Illumination</Filter>
    </None>
    <None Include="vsfs\Illumination\5.1.light_casters.vs">
      <Filter>vsfs\Illumination</Filter>
    </None>
    <None Include="vsfs\Illumination\5.2.lamp.fs">
      <Filter>vsfs\Illumination</Filter>
    </None>
    <None Include="vsfs\Illumination\5.2.lamp.vs">
      <Filter>vsfs\Illumination</Filter>
    </None>
    <None Include="vsfs\Illumination\5.2.light_casters.fs">
      <Filter>vsfs\Illumination</Filter>
    </None>
    <None Include="vsfs\ModelLoad\1.model_loading.vs">
      <Filter>vsfs\ModelLoad</Filter>
    </None>
    <None Include="vsfs\ModelLoad\1.model_loading.fs">
      <Filter>vsfs\ModelLoad</Filter>
    </None>
    <None Include="vsfs\HighLevel\2.stencil_testing.vs">
      <Filter>vsfs\HghLevel</Filter>
    </None>
    <None Include="vsfs\HighLevel\2.stencil_testing.fs">
      <Filter>vsfs\HghLevel</Filter>
    </None>
    <None Include="vsfs\HighLevel\2.stencil_single_color.fs">
      <Filter>vsfs\HghLevel</Filter>
    </None>
    <None Include="vsfs\HighLevel\3.2.blending.vs">
      <Filter>vsfs\HghLevel</Filter>
    </None>
    <None Include="vsfs\HighLevel\3.2.blending.fs">
      <Filter>vsfs\HghLevel</Filter>
    </None>
    <None Include="vsfs\HighLevel\5.1.framebuffers.vs">
      <Filter>vsfs\HghLevel</Filter>
    </None>
    <None Include="vsfs\HighLevel\5.1.framebuffers.fs">
      <Filter>vsfs\HghLevel</Filter>
    </None>
    <None Include="vsfs\HighLevel\5.1.framebuffers_screen.vs">
      <Filter>vsfs\HghLevel</Filter>
    </None>
    <None Include="vsfs\HighLevel\5.1.framebuffers_screen.fs">
      <Filter>vsfs\HghLevel</Filter>
    </None>
    <None Include="vsfs\HighLevel\6.2.cubemaps.vs">
      <Filter>vsfs\HghLevel</Filter>
    </None>
    <None Include="vsfs\HighLevel\6.2.cubemaps.fs">
      <Filter>vsfs\HghLevel</Filter>
    </None>
    <None Include="vsfs\HighLevel\6.2.skybox.vs">
      <Filter>vsfs\HghLevel</Filter>
    </None>
    <None Include="vsfs\HighLevel\6.2.skybox.fs">
      <Filter>vsfs\HghLevel</Filter>
    </None>
    <None Include="vsfs\HighLevel\8.advanced_glsl.vs">
      <Filter>vsfs\HghLevel</Filter>
    </None>
    <None Include="vsfs\HighLevel\8.red.fs">
      <Filter>vsfs\HghLevel</Filter>
    </None>
    <None Include="vsfs\HighLevel\8.green.fs">
      <Filter>vsfs\HghLevel</Filter>
    </None>
    <None Include="vsfs\HighLevel\8.blue.fs">
      <Filter>vsfs\HghLevel</Filter>
    </None>
    <None Include="vsfs\HighLevel\8.yellow.fs">
      <Filter>vsfs\HghLevel</Filter>
    </None>
    <None Include="vsfs\HighLevel\9.1.geometry_shader.vs">
      <Filter>vsfs\HghLevel</Filter>
    </None>
    <None Include="vsfs\HighLevel\9.1.geometry_shader.fs">
      <Filter>vsfs\HghLevel</Filter>
    </None>
    <None Include="vsfs\HighLevel\9.1.geometry_shader.gs">
      <Filter>vsfs\HghLevel</Filter>
    </None>
    <None Include="vsfs\HighLevel\9.2.geometry_shader.vs">
      <Filter>vsfs\HghLevel</Filter>
    </None>
    <None Include="vsfs\HighLevel\9.2.geometry_shader.fs">
      <Filter>vsfs\HghLevel</Filter>
    </None>
    <None Include="vsfs\HighLevel\9.2.geometry_shader.gs">
      <Filter>vsfs\HghLevel</Filter>
    </None>
    <None Include="vsfs\HighLevel\9.3.normal_visualization.gs">
      <Filter>vsfs\HghLevel</Filter>
    </None>
    <None Include="vsfs\HighLevel\9.3.normal_visualization.fs">
      <Filter>vsfs\HghLevel</Filter>
    </None>
    <None Include="vsfs\HighLevel\9.3.default.vs">
      <Filter>vsfs\HghLevel</Filter>
    </None>
    <None Include="vsfs\HighLevel\9.3.default.fs">
      <Filter>vsfs\HghLevel</Filter>
    </None>
    <None Include="vsfs\HighLevel\9.3.normal_visualization.vs">
      <Filter>vsfs\HghLevel</Filter>
    </None>
    <None Include="vsfs\HighLevel\10.3.asteroids.vs">
      <Filter>vsfs\HghLevel</Filter>
    </None>
    <None Include="vsfs\HighLevel\10.3.asteroids.fs">
      <Filter>vsfs\HghLevel</Filter>
    </None>
    <None Include="vsfs\HighLevel\10.3.planet.vs">
      <Filter>vsfs\HghLevel</Filter>
    </None>
    <None Include="vsfs\AdvancedLighting\1.advanced_lighting.vs">
      <Filter>vsfs\AdvancedLighting</Filter>
    </None>
    <None Include="vsfs\AdvancedLighting\1.advanced_lighting.fs">
      <Filter>vsfs\AdvancedLighting</Filter>
    </None>
    <None Include="vsfs\AdvancedLighting\3.1.1.shadow_mapping_depth.vs">
      <Filter>vsfs\AdvancedLighting</Filter>
    </None>
    <None Include="vsfs\AdvancedLighting\3.1.1.debug_quad.vs">
      <Filter>vsfs\AdvancedLighting</Filter>
    </None>
    <None Include="vsfs\AdvancedLighting\3.1.1.shadow_mapping_depth.fs">
      <Filter>vsfs\AdvancedLighting</Filter>
    </None>
    <None Include="vsfs\AdvancedLighting\3.1.1.debug_quad_depth.fs">
      <Filter>vsfs\AdvancedLighting</Filter>
    </None>
    <None Include="vsfs\AdvancedLighting\3.1.2.debug_quad.vs">
      <Filter>vsfs\AdvancedLighting</Filter>
    </None>
    <None Include="vsfs\AdvancedLighting\3.1.2.debug_quad_depth.fs">
      <Filter>vsfs\AdvancedLighting</Filter>
    </None>
    <None Include="vsfs\AdvancedLighting\3.1.2.shadow_mapping.fs">
      <Filter>vsfs\AdvancedLighting</Filter>
    </None>
    <None Include="vsfs\AdvancedLighting\3.1.2.shadow_mapping.vs">
      <Filter>vsfs\AdvancedLighting</Filter>
    </None>
    <None Include="vsfs\AdvancedLighting\3.1.2.shadow_mapping_depth.fs">
      <Filter>vsfs\AdvancedLighting</Filter>
    </None>
    <None Include="vsfs\AdvancedLighting\3.1.2.shadow_mapping_depth.vs">
      <Filter>vsfs\AdvancedLighting</Filter>
    </None>
    <None Include="vsfs\HighLevel\10.3.planet.fs">
      <Filter>vsfs\HghLevel</Filter>
    </None>
    <None Include="vsfs\AdvancedLighting\normal_mapping.vs">
      <Filter>vsfs\AdvancedLighting</Filter>
    </None>
    <None Include="vsfs\AdvancedLighting\normal_mapping.fs">
      <Filter>vsfs\AdvancedLighting</Filter>
    </None>
    <None Include="vsfs\AdvancedLighting\parallax_mapping.fs">
      <Filter>vsfs\AdvancedLighting</Filter>
    </None>
    <None Include="vsfs\AdvancedLighting\6.hdr.fs">
      <Filter>vsfs\AdvancedLighting</Filter>
    </None>
    <None Include="vsfs\AdvancedLighting\6.hdr.vs">
      <Filter>vsfs\AdvancedLighting</Filter>
    </None>
    <None Include="vsfs\AdvancedLighting\6.lighting.fs">
      <Filter>vsfs\AdvancedLighting</Filter>
    </None>
    <None Include="vsfs\AdvancedLighting\6.lighting.vs">
      <Filter>vsfs\AdvancedLighting</Filter>
    </None>
    <None Include="vsfs\AdvancedLighting\7.bloom_final.fs">
      <Filter>vsfs\AdvancedLighting</Filter>
    </None>
    <None Include="vsfs\AdvancedLighting\7.bloom_final.vs">
      <Filter>vsfs\AdvancedLighting</Filter>
    </None>
    <None Include="vsfs\AdvancedLighting\7.blur.fs">
      <Filter>vsfs\AdvancedLighting</Filter>
    </None>
    <None Include="vsfs\AdvancedLighting\7.blur.vs">
      <Filter>vsfs\AdvancedLighting</Filter>
    </None>
    <None Include="vsfs\AdvancedLighting\7.light_box.fs">
      <Filter>vsfs\AdvancedLighting</Filter>
    </None>
    <None Include="vsfs\AdvancedLighting\7.bloom.fs">
      <Filter>vsfs\AdvancedLighting</Filter>
    </None>
    <None Include="vsfs\AdvancedLighting\7.bloom.vs">
      <Filter>vsfs\AdvancedLighting</Filter>
    </None>
    <None Include="vsfs\AdvancedLighting\8.2.g_buffer.vs">
      <Filter>vsfs\AdvancedLighting</Filter>
    </None>
    <None Include="vsfs\AdvancedLighting\8.2.g_buffer.fs">
      <Filter>vsfs\AdvancedLighting</Filter>
    </None>
    <None Include="vsfs\AdvancedLighting\8.2.deferred_shading.vs">
      <Filter>vsfs\AdvancedLighting</Filter>
    </None>
    <None Include="vsfs\AdvancedLighting\8.2.deferred_shading.fs">
      <Filter>vsfs\AdvancedLighting</Filter>
    </None>
    <None Include="vsfs\AdvancedLighting\8.2.deferred_light_box.vs">
      <Filter>vsfs\AdvancedLighting</Filter>
    </None>
    <None Include="vsfs\AdvancedLighting\8.2.deferred_light_box.fs">
      <Filter>vsfs\AdvancedLighting</Filter>
    </None>
    <None Include="vsfs\AdvancedLighting\8.1.deferred_light_box.vs">
      <Filter>vsfs\AdvancedLighting</Filter>
    </None>
    <None Include="vsfs\AdvancedLighting\8.1.deferred_shading.vs">
      <Filter>vsfs\AdvancedLighting</Filter>
    </None>
    <None Include="vsfs\AdvancedLighting\8.1.deferred_light_box.fs">
      <Filter>vsfs\AdvancedLighting</Filter>
    </None>
    <None Include="vsfs\AdvancedLighting\8.1.deferred_shading.fs">
      <Filter>vsfs\AdvancedLighting</Filter>
    </None>
    <None Include="vsfs\AdvancedLighting\8.1.g_buffer.fs">
      <Filter>vsfs\AdvancedLighting</Filter>
    </None>
    <None Include="vsfs\AdvancedLighting\8.1.g_buffer.vs">
      <Filter>vsfs\AdvancedLighting</Filter>
    </None>
    <None Include="vsfs\AdvancedLighting\9.ssao_blur.fs">
      <Filter>vsfs\AdvancedLighting</Filter>
    </None>
    <None Include="vsfs\AdvancedLighting\9.ssao.vs">
      <Filter>vsfs\AdvancedLighting</Filter>
    </None>
    <None Include="vsfs\AdvancedLighting\9.ssao.fs">
      <Filter>vsfs\AdvancedLighting</Filter>
    </None>
    <None Include="vsfs\AdvancedLighting\9.ssao_lighting.fs">
      <Filter>vsfs\AdvancedLighting</Filter>
    </None>
    <None Include="vsfs\AdvancedLighting\9.ssao_geometry.fs">
      <Filter>vsfs\AdvancedLighting</Filter>
    </None>
    <None Include="vsfs\AdvancedLighting\9.ssao_geometry.vs">
      <Filter>vsfs\AdvancedLighting</Filter>
    </None>
    <None Include="vsfs\AdvancedLighting\3.2.1.point_shadows.vs">
      <Filter>vsfs\AdvancedLighting</Filter>
    </None>
    <None Include="vsfs\AdvancedLighting\3.2.1.point_shadows.fs">
      <Filter>vsfs\AdvancedLighting</Filter>
    </None>
    <None Include="vsfs\AdvancedLighting\3.2.1.point_shadows_depth.vs">
      <Filter>vsfs\AdvancedLighting</Filter>
    </None>
    <None Include="vsfs\AdvancedLighting\3.2.1.point_shadows_depth.fs">
      <Filter>vsfs\AdvancedLighting</Filter>
    </None>
    <None Include="vsfs\AdvancedLighting\3.2.1.point_shadows_depth.gs">
      <Filter>vsfs\AdvancedLighting</Filter>
    </None>
    <None Include="vsfs\AdvancedLighting\4.normal_mapping.vs">
      <Filter>vsfs\AdvancedLighting</Filter>
    </None>
    <None Include="vsfs\AdvancedLighting\4.normal_mapping.fs">
      <Filter>vsfs\AdvancedLighting</Filter>
    </None>
    <None Include="vsfs\AdvancedLighting\5.1.parallax_mapping.vs">
      <Filter>vsfs\AdvancedLighting</Filter>
    </None>
    <None Include="vsfs\AdvancedLighting\5.1.parallax_mapping.fs">
      <Filter>vsfs\AdvancedLighting</Filter>
    </None>
    <None Include="vsfs\AdvancedLighting\5.3.parallax_mapping.vs">
      <Filter>vsfs\AdvancedLighting</Filter>
    </None>
    <None Include="vsfs\AdvancedLighting\5.3.parallax_mapping.fs">
      <Filter>vsfs\AdvancedLighting</Filter>
    </None>
    <None Include="vsfs\PBR\1.1.pbr.vs">
      <Filter>vsfs\PBR</Filter>
    </None>
    <None Include="vsfs\PBR\1.1.pbr.fs">
      <Filter>vsfs\PBR</Filter>
    </None>
    <None Include="vsfs\PBR\1.2.pbr.vs">
      <Filter>vsfs\PBR</Filter>
    </None>
    <None Include="vsfs\PBR\1.2.pbr.fs">
      <Filter>vsfs\PBR</Filter>
    </None>
    <None Include="vsfs\PBR\2.1.1.background.vs">
      <Filter>vsfs\PBR</Filter>
    </None>
    <None Include="vsfs\PBR\2.1.1.background.fs">
      <Filter>vsfs\PBR</Filter>
    </None>
    <None Include="vsfs\PBR\2.1.1.equirectangular_to_cubemap.fs">
      <Filter>vsfs\PBR</Filter>
    </None>
    <None Include="vsfs\PBR\2.1.1.cubemap.vs">
      <Filter>vsfs\PBR</Filter>
    </None>
    <None Include="vsfs\PBR\2.1.1.pbr.fs">
      <Filter>vsfs\PBR</Filter>
    </None>
    <None Include="vsfs\PBR\2.1.1.pbr.vs">
      <Filter>vsfs\PBR</Filter>
    </None>
    <None Include="vsfs\PBR\2.1.2.background.fs">
      <Filter>vsfs\PBR</Filter>
    </None>
    <None Include="vsfs\PBR\2.1.2.background.vs">
      <Filter>vsfs\PBR</Filter>
    </None>
    <None Include="vsfs\PBR\2.1.2.irradiance_convolution.fs">
      <Filter>vsfs\PBR</Filter>
    </None>
    <None Include="vsfs\PBR\2.1.2.cubemap.vs">
      <Filter>vsfs\PBR</Filter>
    </None>
    <None Include="vsfs\PBR\2.1.2.equirectangular_to_cubemap.fs">
      <Filter>vsfs\PBR</Filter>
    </None>
    <None Include="vsfs\PBR\2.1.2.pbr.fs">
      <Filter>vsfs\PBR</Filter>
    </None>
    <None Include="vsfs\PBR\2.1.2.pbr.vs">
      <Filter>vsfs\PBR</Filter>
    </None>
  </ItemGroup>
</Project>